PODS:
  - AFNetworking (2.6.0):
    - AFNetworking/NSURLConnection (= 2.6.0)
    - AFNetworking/NSURLSession (= 2.6.0)
    - AFNetworking/Reachability (= 2.6.0)
    - AFNetworking/Security (= 2.6.0)
    - AFNetworking/Serialization (= 2.6.0)
    - AFNetworking/UIKit (= 2.6.0)
  - AFNetworking/NSURLConnection (2.6.0):
    - AFNetworking/Reachability
    - AFNetworking/Security
    - AFNetworking/Serialization
  - AFNetworking/NSURLSession (2.6.0):
    - AFNetworking/Reachability
    - AFNetworking/Security
    - AFNetworking/Serialization
  - AFNetworking/Reachability (2.6.0)
  - AFNetworking/Security (2.6.0)
  - AFNetworking/Serialization (2.6.0)
  - AFNetworking/UIKit (2.6.0):
    - AFNetworking/NSURLConnection
    - AFNetworking/NSURLSession
  - CocoaLumberjack (2.0.3):
    - CocoaLumberjack/Default (= 2.0.3)
    - CocoaLumberjack/Extensions (= 2.0.3)
  - CocoaLumberjack/Core (2.0.3)
  - CocoaLumberjack/Default (2.0.3):
    - CocoaLumberjack/Core
  - CocoaLumberjack/Extensions (2.0.3):
    - CocoaLumberjack/Default
  - SpotzSDK (3.1.0.0):
    - AFNetworking
    - CocoaLumberjack
    - YapDatabase
  - YapDatabase (2.7.3):
    - YapDatabase/standard (= 2.7.3)
  - YapDatabase/standard (2.7.3):
    - CocoaLumberjack (~> 2)

DEPENDENCIES:
  - SpotzSDK (from `https://github.com/localz/Spotz3-iOS-SDK.git`)

EXTERNAL SOURCES:
  SpotzSDK:
    :git: https://github.com/localz/Spotz3-iOS-SDK.git

CHECKOUT OPTIONS:
  SpotzSDK:
    :commit: 9b6ede94a910f430ce059240b669b5c6d56151c6
    :git: https://github.com/localz/Spotz3-iOS-SDK.git

SPEC CHECKSUMS:
  AFNetworking: 79f7eb1a0fcfa7beb409332b2ca49afe9ce53b05
  CocoaLumberjack: f58d8a19629f4d8379ae14bb3534def24161430e
  SpotzSDK: 241ca1bb41fc24dcb97223e9df59bb2c46eb4bcc
  YapDatabase: 6d6a30e97face6c3158830823c27614afe83e1e0

COCOAPODS: 0.38.2
