// !$*UTF8*$!
{
	archiveVersion = 1;
	classes = {
	};
	objectVersion = 46;
	objects = {

/* Begin PBXBuildFile section */
		65F1CBEF1BCCC2E10024F550 /* main.m in Sources */ = {isa = PBXBuildFile; fileRef = 65F1CBEE1BCCC2E10024F550 /* main.m */; };
		65F1CBF21BCCC2E10024F550 /* AppDelegate.m in Sources */ = {isa = PBXBuildFile; fileRef = 65F1CBF11BCCC2E10024F550 /* AppDelegate.m */; };
		65F1CBF51BCCC2E10024F550 /* ViewController.m in Sources */ = {isa = PBXBuildFile; fileRef = 65F1CBF41BCCC2E10024F550 /* ViewController.m */; };
		65F1CBF81BCCC2E10024F550 /* Main.storyboard in Resources */ = {isa = PBXBuildFile; fileRef = 65F1CBF61BCCC2E10024F550 /* Main.storyboard */; };
		65F1CBFA1BCCC2E10024F550 /* Assets.xcassets in Resources */ = {isa = PBXBuildFile; fileRef = 65F1CBF91BCCC2E10024F550 /* Assets.xcassets */; };
		65F1CBFD1BCCC2E10024F550 /* LaunchScreen.storyboard in Resources */ = {isa = PBXBuildFile; fileRef = 65F1CBFB1BCCC2E10024F550 /* LaunchScreen.storyboard */; };
		65F1CC081BCCC2E10024F550 /* Spotz3_Sample_ObjCTests.m in Sources */ = {isa = PBXBuildFile; fileRef = 65F1CC071BCCC2E10024F550 /* Spotz3_Sample_ObjCTests.m */; };
		65F1CC131BCCC2E10024F550 /* Spotz3_Sample_ObjCUITests.m in Sources */ = {isa = PBXBuildFile; fileRef = 65F1CC121BCCC2E10024F550 /* Spotz3_Sample_ObjCUITests.m */; };
		854DC1F7D39B715C69D388D3 /* libPods.a in Frameworks */ = {isa = PBXBuildFile; fileRef = 0BF8FEAB36ED4C7782C2FB86 /* libPods.a */; };
/* End PBXBuildFile section */

/* Begin PBXContainerItemProxy section */
		65F1CC041BCCC2E10024F550 /* PBXContainerItemProxy */ = {
			isa = PBXContainerItemProxy;
			containerPortal = 65F1CBE21BCCC2E10024F550 /* Project object */;
			proxyType = 1;
			remoteGlobalIDString = 65F1CBE91BCCC2E10024F550;
			remoteInfo = "Spotz3-Sample-ObjC";
		};
		65F1CC0F1BCCC2E10024F550 /* PBXContainerItemProxy */ = {
			isa = PBXContainerItemProxy;
			containerPortal = 65F1CBE21BCCC2E10024F550 /* Project object */;
			proxyType = 1;
			remoteGlobalIDString = 65F1CBE91BCCC2E10024F550;
			remoteInfo = "Spotz3-Sample-ObjC";
		};
/* End PBXContainerItemProxy section */

/* Begin PBXFileReference section */
		0BF8FEAB36ED4C7782C2FB86 /* libPods.a */ = {isa = PBXFileReference; explicitFileType = archive.ar; includeInIndex = 0; path = libPods.a; sourceTree = BUILT_PRODUCTS_DIR; };
		65F1CBEA1BCCC2E10024F550 /* Spotz3-Sample-ObjC.app */ = {isa = PBXFileReference; explicitFileType = wrapper.application; includeInIndex = 0; path = "Spotz3-Sample-ObjC.app"; sourceTree = BUILT_PRODUCTS_DIR; };
		65F1CBEE1BCCC2E10024F550 /* main.m */ = {isa = PBXFileReference; lastKnownFileType = sourcecode.c.objc; path = main.m; sourceTree = "<group>"; };
		65F1CBF01BCCC2E10024F550 /* AppDelegate.h */ = {isa = PBXFileReference; lastKnownFileType = sourcecode.c.h; path = AppDelegate.h; sourceTree = "<group>"; };
		65F1CBF11BCCC2E10024F550 /* AppDelegate.m */ = {isa = PBXFileReference; lastKnownFileType = sourcecode.c.objc; path = AppDelegate.m; sourceTree = "<group>"; };
		65F1CBF31BCCC2E10024F550 /* ViewController.h */ = {isa = PBXFileReference; lastKnownFileType = sourcecode.c.h; path = ViewController.h; sourceTree = "<group>"; };
		65F1CBF41BCCC2E10024F550 /* ViewController.m */ = {isa = PBXFileReference; lastKnownFileType = sourcecode.c.objc; path = ViewController.m; sourceTree = "<group>"; };
		65F1CBF71BCCC2E10024F550 /* Base */ = {isa = PBXFileReference; lastKnownFileType = file.storyboard; name = Base; path = Base.lproj/Main.storyboard; sourceTree = "<group>"; };
		65F1CBF91BCCC2E10024F550 /* Assets.xcassets */ = {isa = PBXFileReference; lastKnownFileType = folder.assetcatalog; path = Assets.xcassets; sourceTree = "<group>"; };
		65F1CBFC1BCCC2E10024F550 /* Base */ = {isa = PBXFileReference; lastKnownFileType = file.storyboard; name = Base; path = Base.lproj/LaunchScreen.storyboard; sourceTree = "<group>"; };
		65F1CBFE1BCCC2E10024F550 /* Info.plist */ = {isa = PBXFileReference; lastKnownFileType = text.plist.xml; path = Info.plist; sourceTree = "<group>"; };
		65F1CC031BCCC2E10024F550 /* Spotz3-Sample-ObjCTests.xctest */ = {isa = PBXFileReference; explicitFileType = wrapper.cfbundle; includeInIndex = 0; path = "Spotz3-Sample-ObjCTests.xctest"; sourceTree = BUILT_PRODUCTS_DIR; };
		65F1CC071BCCC2E10024F550 /* Spotz3_Sample_ObjCTests.m */ = {isa = PBXFileReference; lastKnownFileType = sourcecode.c.objc; path = Spotz3_Sample_ObjCTests.m; sourceTree = "<group>"; };
		65F1CC091BCCC2E10024F550 /* Info.plist */ = {isa = PBXFileReference; lastKnownFileType = text.plist.xml; path = Info.plist; sourceTree = "<group>"; };
		65F1CC0E1BCCC2E10024F550 /* Spotz3-Sample-ObjCUITests.xctest */ = {isa = PBXFileReference; explicitFileType = wrapper.cfbundle; includeInIndex = 0; path = "Spotz3-Sample-ObjCUITests.xctest"; sourceTree = BUILT_PRODUCTS_DIR; };
		65F1CC121BCCC2E10024F550 /* Spotz3_Sample_ObjCUITests.m */ = {isa = PBXFileReference; lastKnownFileType = sourcecode.c.objc; path = Spotz3_Sample_ObjCUITests.m; sourceTree = "<group>"; };
		65F1CC141BCCC2E10024F550 /* Info.plist */ = {isa = PBXFileReference; lastKnownFileType = text.plist.xml; path = Info.plist; sourceTree = "<group>"; };
		A1ECFA29E67FE1628026F414 /* Pods.release.xcconfig */ = {isa = PBXFileReference; includeInIndex = 1; lastKnownFileType = text.xcconfig; name = Pods.release.xcconfig; path = "Pods/Target Support Files/Pods/Pods.release.xcconfig"; sourceTree = "<group>"; };
		C01F1919CD54EA8D7ADC3D82 /* Pods.debug.xcconfig */ = {isa = PBXFileReference; includeInIndex = 1; lastKnownFileType = text.xcconfig; name = Pods.debug.xcconfig; path = "Pods/Target Support Files/Pods/Pods.debug.xcconfig"; sourceTree = "<group>"; };
/* End PBXFileReference section */

/* Begin PBXFrameworksBuildPhase section */
		65F1CBE71BCCC2E10024F550 /* Frameworks */ = {
			isa = PBXFrameworksBuildPhase;
			buildActionMask = 2147483647;
			files = (
				854DC1F7D39B715C69D388D3 /* libPods.a in Frameworks */,
			);
			runOnlyForDeploymentPostprocessing = 0;
		};
		65F1CC001BCCC2E10024F550 /* Frameworks */ = {
			isa = PBXFrameworksBuildPhase;
			buildActionMask = 2147483647;
			files = (
			);
			runOnlyForDeploymentPostprocessing = 0;
		};
		65F1CC0B1BCCC2E10024F550 /* Frameworks */ = {
			isa = PBXFrameworksBuildPhase;
			buildActionMask = 2147483647;
			files = (
			);
			runOnlyForDeploymentPostprocessing = 0;
		};
/* End PBXFrameworksBuildPhase section */

/* Begin PBXGroup section */
		2BCEDB1DEEDEB5224B8D7EFB /* Pods */ = {
			isa = PBXGroup;
			children = (
				C01F1919CD54EA8D7ADC3D82 /* Pods.debug.xcconfig */,
				A1ECFA29E67FE1628026F414 /* Pods.release.xcconfig */,
			);
			name = Pods;
			sourceTree = "<group>";
		};
		51235592C87E2DB5FE42AD0E /* Frameworks */ = {
			isa = PBXGroup;
			children = (
				0BF8FEAB36ED4C7782C2FB86 /* libPods.a */,
			);
			name = Frameworks;
			sourceTree = "<group>";
		};
		65F1CBE11BCCC2E10024F550 = {
			isa = PBXGroup;
			children = (
				65F1CBEC1BCCC2E10024F550 /* Spotz3-Sample-ObjC */,
				65F1CC061BCCC2E10024F550 /* Spotz3-Sample-ObjCTests */,
				65F1CC111BCCC2E10024F550 /* Spotz3-Sample-ObjCUITests */,
				65F1CBEB1BCCC2E10024F550 /* Products */,
				2BCEDB1DEEDEB5224B8D7EFB /* Pods */,
				51235592C87E2DB5FE42AD0E /* Frameworks */,
			);
			sourceTree = "<group>";
		};
		65F1CBEB1BCCC2E10024F550 /* Products */ = {
			isa = PBXGroup;
			children = (
				65F1CBEA1BCCC2E10024F550 /* Spotz3-Sample-ObjC.app */,
				65F1CC031BCCC2E10024F550 /* Spotz3-Sample-ObjCTests.xctest */,
				65F1CC0E1BCCC2E10024F550 /* Spotz3-Sample-ObjCUITests.xctest */,
			);
			name = Products;
			sourceTree = "<group>";
		};
		65F1CBEC1BCCC2E10024F550 /* Spotz3-Sample-ObjC */ = {
			isa = PBXGroup;
			children = (
				65F1CBF01BCCC2E10024F550 /* AppDelegate.h */,
				65F1CBF11BCCC2E10024F550 /* AppDelegate.m */,
				65F1CBF31BCCC2E10024F550 /* ViewController.h */,
				65F1CBF41BCCC2E10024F550 /* ViewController.m */,
				65F1CBF61BCCC2E10024F550 /* Main.storyboard */,
				65F1CBF91BCCC2E10024F550 /* Assets.xcassets */,
				65F1CBFB1BCCC2E10024F550 /* LaunchScreen.storyboard */,
				65F1CBFE1BCCC2E10024F550 /* Info.plist */,
				65F1CBED1BCCC2E10024F550 /* Supporting Files */,
			);
			path = "Spotz3-Sample-ObjC";
			sourceTree = "<group>";
		};
		65F1CBED1BCCC2E10024F550 /* Supporting Files */ = {
			isa = PBXGroup;
			children = (
				65F1CBEE1BCCC2E10024F550 /* main.m */,
			);
			name = "Supporting Files";
			sourceTree = "<group>";
		};
		65F1CC061BCCC2E10024F550 /* Spotz3-Sample-ObjCTests */ = {
			isa = PBXGroup;
			children = (
				65F1CC071BCCC2E10024F550 /* Spotz3_Sample_ObjCTests.m */,
				65F1CC091BCCC2E10024F550 /* Info.plist */,
			);
			path = "Spotz3-Sample-ObjCTests";
			sourceTree = "<group>";
		};
		65F1CC111BCCC2E10024F550 /* Spotz3-Sample-ObjCUITests */ = {
			isa = PBXGroup;
			children = (
				65F1CC121BCCC2E10024F550 /* Spotz3_Sample_ObjCUITests.m */,
				65F1CC141BCCC2E10024F550 /* Info.plist */,
			);
			path = "Spotz3-Sample-ObjCUITests";
			sourceTree = "<group>";
		};
/* End PBXGroup section */

/* Begin PBXNativeTarget section */
		65F1CBE91BCCC2E10024F550 /* Spotz3-Sample-ObjC */ = {
			isa = PBXNativeTarget;
			buildConfigurationList = 65F1CC171BCCC2E10024F550 /* Build configuration list for PBXNativeTarget "Spotz3-Sample-ObjC" */;
			buildPhases = (
				A573D5F605143303B74E6A83 /* Check Pods Manifest.lock */,
				65F1CBE61BCCC2E10024F550 /* Sources */,
				65F1CBE71BCCC2E10024F550 /* Frameworks */,
				65F1CBE81BCCC2E10024F550 /* Resources */,
				AAE646BD691B5DEFBBCACF83 /* Copy Pods Resources */,
			);
			buildRules = (
			);
			dependencies = (
			);
			name = "Spotz3-Sample-ObjC";
			productName = "Spotz3-Sample-ObjC";
			productReference = 65F1CBEA1BCCC2E10024F550 /* Spotz3-Sample-ObjC.app */;
			productType = "com.apple.product-type.application";
		};
		65F1CC021BCCC2E10024F550 /* Spotz3-Sample-ObjCTests */ = {
			isa = PBXNativeTarget;
			buildConfigurationList = 65F1CC1A1BCCC2E10024F550 /* Build configuration list for PBXNativeTarget "Spotz3-Sample-ObjCTests" */;
			buildPhases = (
				65F1CBFF1BCCC2E10024F550 /* Sources */,
				65F1CC001BCCC2E10024F550 /* Frameworks */,
				65F1CC011BCCC2E10024F550 /* Resources */,
			);
			buildRules = (
			);
			dependencies = (
				65F1CC051BCCC2E10024F550 /* PBXTargetDependency */,
			);
			name = "Spotz3-Sample-ObjCTests";
			productName = "Spotz3-Sample-ObjCTests";
			productReference = 65F1CC031BCCC2E10024F550 /* Spotz3-Sample-ObjCTests.xctest */;
			productType = "com.apple.product-type.bundle.unit-test";
		};
		65F1CC0D1BCCC2E10024F550 /* Spotz3-Sample-ObjCUITests */ = {
			isa = PBXNativeTarget;
			buildConfigurationList = 65F1CC1D1BCCC2E10024F550 /* Build configuration list for PBXNativeTarget "Spotz3-Sample-ObjCUITests" */;
			buildPhases = (
				65F1CC0A1BCCC2E10024F550 /* Sources */,
				65F1CC0B1BCCC2E10024F550 /* Frameworks */,
				65F1CC0C1BCCC2E10024F550 /* Resources */,
			);
			buildRules = (
			);
			dependencies = (
				65F1CC101BCCC2E10024F550 /* PBXTargetDependency */,
			);
			name = "Spotz3-Sample-ObjCUITests";
			productName = "Spotz3-Sample-ObjCUITests";
			productReference = 65F1CC0E1BCCC2E10024F550 /* Spotz3-Sample-ObjCUITests.xctest */;
			productType = "com.apple.product-type.bundle.ui-testing";
		};
/* End PBXNativeTarget section */

/* Begin PBXProject section */
		65F1CBE21BCCC2E10024F550 /* Project object */ = {
			isa = PBXProject;
			attributes = {
				LastUpgradeCheck = 0700;
				ORGANIZATIONNAME = "Localz Pty Ltd";
				TargetAttributes = {
					65F1CBE91BCCC2E10024F550 = {
						CreatedOnToolsVersion = 7.0.1;
					};
					65F1CC021BCCC2E10024F550 = {
						CreatedOnToolsVersion = 7.0.1;
						TestTargetID = 65F1CBE91BCCC2E10024F550;
					};
					65F1CC0D1BCCC2E10024F550 = {
						CreatedOnToolsVersion = 7.0.1;
						TestTargetID = 65F1CBE91BCCC2E10024F550;
					};
				};
			};
			buildConfigurationList = 65F1CBE51BCCC2E10024F550 /* Build configuration list for PBXProject "Spotz3-Sample-ObjC" */;
			compatibilityVersion = "Xcode 3.2";
			developmentRegion = English;
			hasScannedForEncodings = 0;
			knownRegions = (
				en,
				Base,
			);
			mainGroup = 65F1CBE11BCCC2E10024F550;
			productRefGroup = 65F1CBEB1BCCC2E10024F550 /* Products */;
			projectDirPath = "";
			projectRoot = "";
			targets = (
				65F1CBE91BCCC2E10024F550 /* Spotz3-Sample-ObjC */,
				65F1CC021BCCC2E10024F550 /* Spotz3-Sample-ObjCTests */,
				65F1CC0D1BCCC2E10024F550 /* Spotz3-Sample-ObjCUITests */,
			);
		};
/* End PBXProject section */

/* Begin PBXResourcesBuildPhase section */
		65F1CBE81BCCC2E10024F550 /* Resources */ = {
			isa = PBXResourcesBuildPhase;
			buildActionMask = 2147483647;
			files = (
				65F1CBFD1BCCC2E10024F550 /* LaunchScreen.storyboard in Resources */,
				65F1CBFA1BCCC2E10024F550 /* Assets.xcassets in Resources */,
				65F1CBF81BCCC2E10024F550 /* Main.storyboard in Resources */,
			);
			runOnlyForDeploymentPostprocessing = 0;
		};
		65F1CC011BCCC2E10024F550 /* Resources */ = {
			isa = PBXResourcesBuildPhase;
			buildActionMask = 2147483647;
			files = (
			);
			runOnlyForDeploymentPostprocessing = 0;
		};
		65F1CC0C1BCCC2E10024F550 /* Resources */ = {
			isa = PBXResourcesBuildPhase;
			buildActionMask = 2147483647;
			files = (
			);
			runOnlyForDeploymentPostprocessing = 0;
		};
/* End PBXResourcesBuildPhase section */

/* Begin PBXShellScriptBuildPhase section */
		A573D5F605143303B74E6A83 /* Check Pods Manifest.lock */ = {
			isa = PBXShellScriptBuildPhase;
			buildActionMask = 2147483647;
			files = (
			);
			inputPaths = (
			);
			name = "Check Pods Manifest.lock";
			outputPaths = (
			);
			runOnlyForDeploymentPostprocessing = 0;
			shellPath = /bin/sh;
			shellScript = "diff \"${PODS_ROOT}/../Podfile.lock\" \"${PODS_ROOT}/Manifest.lock\" > /dev/null\nif [[ $? != 0 ]] ; then\n    cat << EOM\nerror: The sandbox is not in sync with the Podfile.lock. Run 'pod install' or update your CocoaPods installation.\nEOM\n    exit 1\nfi\n";
			showEnvVarsInLog = 0;
		};
		AAE646BD691B5DEFBBCACF83 /* Copy Pods Resources */ = {
			isa = PBXShellScriptBuildPhase;
			buildActionMask = 2147483647;
			files = (
			);
			inputPaths = (
			);
			name = "Copy Pods Resources";
			outputPaths = (
			);
			runOnlyForDeploymentPostprocessing = 0;
			shellPath = /bin/sh;
			shellScript = "\"${SRCROOT}/Pods/Target Support Files/Pods/Pods-resources.sh\"\n";
			showEnvVarsInLog = 0;
		};
/* End PBXShellScriptBuildPhase section */

/* Begin PBXSourcesBuildPhase section */
		65F1CBE61BCCC2E10024F550 /* Sources */ = {
			isa = PBXSourcesBuildPhase;
			buildActionMask = 2147483647;
			files = (
				65F1CBF51BCCC2E10024F550 /* ViewController.m in Sources */,
				65F1CBF21BCCC2E10024F550 /* AppDelegate.m in Sources */,
				65F1CBEF1BCCC2E10024F550 /* main.m in Sources */,
			);
			runOnlyForDeploymentPostprocessing = 0;
		};
		65F1CBFF1BCCC2E10024F550 /* Sources */ = {
			isa = PBXSourcesBuildPhase;
			buildActionMask = 2147483647;
			files = (
				65F1CC081BCCC2E10024F550 /* Spotz3_Sample_ObjCTests.m in Sources */,
			);
			runOnlyForDeploymentPostprocessing = 0;
		};
		65F1CC0A1BCCC2E10024F550 /* Sources */ = {
			isa = PBXSourcesBuildPhase;
			buildActionMask = 2147483647;
			files = (
				65F1CC131BCCC2E10024F550 /* Spotz3_Sample_ObjCUITests.m in Sources */,
			);
			runOnlyForDeploymentPostprocessing = 0;
		};
/* End PBXSourcesBuildPhase section */

/* Begin PBXTargetDependency section */
		65F1CC051BCCC2E10024F550 /* PBXTargetDependency */ = {
			isa = PBXTargetDependency;
			target = 65F1CBE91BCCC2E10024F550 /* Spotz3-Sample-ObjC */;
			targetProxy = 65F1CC041BCCC2E10024F550 /* PBXContainerItemProxy */;
		};
		65F1CC101BCCC2E10024F550 /* PBXTargetDependency */ = {
			isa = PBXTargetDependency;
			target = 65F1CBE91BCCC2E10024F550 /* Spotz3-Sample-ObjC */;
			targetProxy = 65F1CC0F1BCCC2E10024F550 /* PBXContainerItemProxy */;
		};
/* End PBXTargetDependency section */

/* Begin PBXVariantGroup section */
		65F1CBF61BCCC2E10024F550 /* Main.storyboard */ = {
			isa = PBXVariantGroup;
			children = (
				65F1CBF71BCCC2E10024F550 /* Base */,
			);
			name = Main.storyboard;
			sourceTree = "<group>";
		};
		65F1CBFB1BCCC2E10024F550 /* LaunchScreen.storyboard */ = {
			isa = PBXVariantGroup;
			children = (
				65F1CBFC1BCCC2E10024F550 /* Base */,
			);
			name = LaunchScreen.storyboard;
			sourceTree = "<group>";
		};
/* End PBXVariantGroup section */

/* Begin XCBuildConfiguration section */
		65F1CC151BCCC2E10024F550 /* Debug */ = {
			isa = XCBuildConfiguration;
			buildSettings = {
				ALWAYS_SEARCH_USER_PATHS = NO;
				CLANG_CXX_LANGUAGE_STANDARD = "gnu++0x";
				CLANG_CXX_LIBRARY = "libc++";
				CLANG_ENABLE_MODULES = YES;
				CLANG_ENABLE_OBJC_ARC = YES;
				CLANG_WARN_BOOL_CONVERSION = YES;
				CLANG_WARN_CONSTANT_CONVERSION = YES;
				CLANG_WARN_DIRECT_OBJC_ISA_USAGE = YES_ERROR;
				CLANG_WARN_EMPTY_BODY = YES;
				CLANG_WARN_ENUM_CONVERSION = YES;
				CLANG_WARN_INT_CONVERSION = YES;
				CLANG_WARN_OBJC_ROOT_CLASS = YES_ERROR;
				CLANG_WARN_UNREACHABLE_CODE = YES;
				CLANG_WARN__DUPLICATE_METHOD_MATCH = YES;
				"CODE_SIGN_IDENTITY[sdk=iphoneos*]" = "iPhone Developer";
				COPY_PHASE_STRIP = NO;
				DEBUG_INFORMATION_FORMAT = dwarf;
				ENABLE_STRICT_OBJC_MSGSEND = YES;
				ENABLE_TESTABILITY = YES;
				GCC_C_LANGUAGE_STANDARD = gnu99;
				GCC_DYNAMIC_NO_PIC = NO;
				GCC_NO_COMMON_BLOCKS = YES;
				GCC_OPTIMIZATION_LEVEL = 0;
				GCC_PREPROCESSOR_DEFINITIONS = (
					"DEBUG=1",
					"$(inherited)",
				);
				GCC_WARN_64_TO_32_BIT_CONVERSION = YES;
				GCC_WARN_ABOUT_RETURN_TYPE = YES_ERROR;
				GCC_WARN_UNDECLARED_SELECTOR = YES;
				GCC_WARN_UNINITIALIZED_AUTOS = YES_AGGRESSIVE;
				GCC_WARN_UNUSED_FUNCTION = YES;
				GCC_WARN_UNUSED_VARIABLE = YES;
				IPHONEOS_DEPLOYMENT_TARGET = 9.0;
				MTL_ENABLE_DEBUG_INFO = YES;
				ONLY_ACTIVE_ARCH = YES;
				SDKROOT = iphoneos;
				TARGETED_DEVICE_FAMILY = "1,2";
			};
			name = Debug;
		};
		65F1CC161BCCC2E10024F550 /* Release */ = {
			isa = XCBuildConfiguration;
			buildSettings = {
				ALWAYS_SEARCH_USER_PATHS = NO;
				CLANG_CXX_LANGUAGE_STANDARD = "gnu++0x";
				CLANG_CXX_LIBRARY = "libc++";
				CLANG_ENABLE_MODULES = YES;
				CLANG_ENABLE_OBJC_ARC = YES;
				CLANG_WARN_BOOL_CONVERSION = YES;
				CLANG_WARN_CONSTANT_CONVERSION = YES;
				CLANG_WARN_DIRECT_OBJC_ISA_USAGE = YES_ERROR;
				CLANG_WARN_EMPTY_BODY = YES;
				CLANG_WARN_ENUM_CONVERSION = YES;
				CLANG_WARN_INT_CONVERSION = YES;
				CLANG_WARN_OBJC_ROOT_CLASS = YES_ERROR;
				CLANG_WARN_UNREACHABLE_CODE = YES;
				CLANG_WARN__DUPLICATE_METHOD_MATCH = YES;
				"CODE_SIGN_IDENTITY[sdk=iphoneos*]" = "iPhone Developer";
				COPY_PHASE_STRIP = NO;
				DEBUG_INFORMATION_FORMAT = "dwarf-with-dsym";
				ENABLE_NS_ASSERTIONS = NO;
				ENABLE_STRICT_OBJC_MSGSEND = YES;
				GCC_C_LANGUAGE_STANDARD = gnu99;
				GCC_NO_COMMON_BLOCKS = YES;
				GCC_WARN_64_TO_32_BIT_CONVERSION = YES;
				GCC_WARN_ABOUT_RETURN_TYPE = YES_ERROR;
				GCC_WARN_UNDECLARED_SELECTOR = YES;
				GCC_WARN_UNINITIALIZED_AUTOS = YES_AGGRESSIVE;
				GCC_WARN_UNUSED_FUNCTION = YES;
				GCC_WARN_UNUSED_VARIABLE = YES;
				IPHONEOS_DEPLOYMENT_TARGET = 9.0;
				MTL_ENABLE_DEBUG_INFO = NO;
				SDKROOT = iphoneos;
				TARGETED_DEVICE_FAMILY = "1,2";
				VALIDATE_PRODUCT = YES;
			};
			name = Release;
		};
		65F1CC181BCCC2E10024F550 /* Debug */ = {
			isa = XCBuildConfiguration;
			baseConfigurationReference = C01F1919CD54EA8D7ADC3D82 /* Pods.debug.xcconfig */;
			buildSettings = {
				ASSETCATALOG_COMPILER_APPICON_NAME = AppIcon;
				CODE_SIGN_IDENTITY = "iPhone Developer";
				"CODE_SIGN_IDENTITY[sdk=iphoneos*]" = "iPhone Developer";
				INFOPLIST_FILE = "Spotz3-Sample-ObjC/Info.plist";
				LD_RUNPATH_SEARCH_PATHS = "$(inherited) @executable_path/Frameworks";
				PRODUCT_BUNDLE_IDENTIFIER = "co.localz.Spotz3-Sample-ObjC";
				PRODUCT_NAME = "$(TARGET_NAME)";
				PROVISIONING_PROFILE = "";
			};
			name = Debug;
		};
		65F1CC191BCCC2E10024F550 /* Release */ = {
			isa = XCBuildConfiguration;
			baseConfigurationReference = A1ECFA29E67FE1628026F414 /* Pods.release.xcconfig */;
			buildSettings = {
				ASSETCATALOG_COMPILER_APPICON_NAME = AppIcon;
				CODE_SIGN_IDENTITY = "iPhone Developer";
				"CODE_SIGN_IDENTITY[sdk=iphoneos*]" = "iPhone Developer";
				INFOPLIST_FILE = "Spotz3-Sample-ObjC/Info.plist";
				LD_RUNPATH_SEARCH_PATHS = "$(inherited) @executable_path/Frameworks";
				PRODUCT_BUNDLE_IDENTIFIER = "co.localz.Spotz3-Sample-ObjC";
				PRODUCT_NAME = "$(TARGET_NAME)";
				PROVISIONING_PROFILE = "";
			};
			name = Release;
		};
		65F1CC1B1BCCC2E10024F550 /* Debug */ = {
			isa = XCBuildConfiguration;
			buildSettings = {
				BUNDLE_LOADER = "$(TEST_HOST)";
				INFOPLIST_FILE = "Spotz3-Sample-ObjCTests/Info.plist";
				LD_RUNPATH_SEARCH_PATHS = "$(inherited) @executable_path/Frameworks @loader_path/Frameworks";
				PRODUCT_BUNDLE_IDENTIFIER = "co.localz.Spotz3-Sample-ObjCTests";
				PRODUCT_NAME = "$(TARGET_NAME)";
				TEST_HOST = "$(BUILT_PRODUCTS_DIR)/Spotz3-Sample-ObjC.app/Spotz3-Sample-ObjC";
			};
			name = Debug;
		};
		65F1CC1C1BCCC2E10024F550 /* Release */ = {
			isa = XCBuildConfiguration;
			buildSettings = {
				BUNDLE_LOADER = "$(TEST_HOST)";
				INFOPLIST_FILE = "Spotz3-Sample-ObjCTests/Info.plist";
				LD_RUNPATH_SEARCH_PATHS = "$(inherited) @executable_path/Frameworks @loader_path/Frameworks";
				PRODUCT_BUNDLE_IDENTIFIER = "co.localz.Spotz3-Sample-ObjCTests";
				PRODUCT_NAME = "$(TARGET_NAME)";
				TEST_HOST = "$(BUILT_PRODUCTS_DIR)/Spotz3-Sample-ObjC.app/Spotz3-Sample-ObjC";
			};
			name = Release;
		};
		65F1CC1E1BCCC2E10024F550 /* Debug */ = {
			isa = XCBuildConfiguration;
			buildSettings = {
				INFOPLIST_FILE = "Spotz3-Sample-ObjCUITests/Info.plist";
				LD_RUNPATH_SEARCH_PATHS = "$(inherited) @executable_path/Frameworks @loader_path/Frameworks";
				PRODUCT_BUNDLE_IDENTIFIER = "co.localz.Spotz3-Sample-ObjCUITests";
				PRODUCT_NAME = "$(TARGET_NAME)";
				TEST_TARGET_NAME = "Spotz3-Sample-ObjC";
				USES_XCTRUNNER = YES;
			};
			name = Debug;
		};
		65F1CC1F1BCCC2E10024F550 /* Release */ = {
			isa = XCBuildConfiguration;
			buildSettings = {
				INFOPLIST_FILE = "Spotz3-Sample-ObjCUITests/Info.plist";
				LD_RUNPATH_SEARCH_PATHS = "$(inherited) @executable_path/Frameworks @loader_path/Frameworks";
				PRODUCT_BUNDLE_IDENTIFIER = "co.localz.Spotz3-Sample-ObjCUITests";
				PRODUCT_NAME = "$(TARGET_NAME)";
				TEST_TARGET_NAME = "Spotz3-Sample-ObjC";
				USES_XCTRUNNER = YES;
			};
			name = Release;
		};
/* End XCBuildConfiguration section */

/* Begin XCConfigurationList section */
		65F1CBE51BCCC2E10024F550 /* Build configuration list for PBXProject "Spotz3-Sample-ObjC" */ = {
			isa = XCConfigurationList;
			buildConfigurations = (
				65F1CC151BCCC2E10024F550 /* Debug */,
				65F1CC161BCCC2E10024F550 /* Release */,
			);
			defaultConfigurationIsVisible = 0;
			defaultConfigurationName = Release;
		};
		65F1CC171BCCC2E10024F550 /* Build configuration list for PBXNativeTarget "Spotz3-Sample-ObjC" */ = {
			isa = XCConfigurationList;
			buildConfigurations = (
				65F1CC181BCCC2E10024F550 /* Debug */,
				65F1CC191BCCC2E10024F550 /* Release */,
			);
			defaultConfigurationIsVisible = 0;
			defaultConfigurationName = Release;
		};
		65F1CC1A1BCCC2E10024F550 /* Build configuration list for PBXNativeTarget "Spotz3-Sample-ObjCTests" */ = {
			isa = XCConfigurationList;
			buildConfigurations = (
				65F1CC1B1BCCC2E10024F550 /* Debug */,
				65F1CC1C1BCCC2E10024F550 /* Release */,
			);
			defaultConfigurationIsVisible = 0;
			defaultConfigurationName = Release;
		};
		65F1CC1D1BCCC2E10024F550 /* Build configuration list for PBXNativeTarget "Spotz3-Sample-ObjCUITests" */ = {
			isa = XCConfigurationList;
			buildConfigurations = (
				65F1CC1E1BCCC2E10024F550 /* Debug */,
				65F1CC1F1BCCC2E10024F550 /* Release */,
			);
			defaultConfigurationIsVisible = 0;
			defaultConfigurationName = Release;
		};
/* End XCConfigurationList section */
	};
	rootObject = 65F1CBE21BCCC2E10024F550 /* Project object */;
}
