// !$*UTF8*$!
{
	archiveVersion = 1;
	classes = {
	};
	objectVersion = 46;
	objects = {

/* Begin PBXBuildFile section */
		65DE8A5D1BCCFC0B005EE3D5 /* AppDelegate.swift in Sources */ = {isa = PBXBuildFile; fileRef = 65DE8A5C1BCCFC0B005EE3D5 /* AppDelegate.swift */; };
		65DE8A5F1BCCFC0B005EE3D5 /* ViewController.swift in Sources */ = {isa = PBXBuildFile; fileRef = 65DE8A5E1BCCFC0B005EE3D5 /* ViewController.swift */; };
		65DE8A621BCCFC0B005EE3D5 /* Main.storyboard in Resources */ = {isa = PBXBuildFile; fileRef = 65DE8A601BCCFC0B005EE3D5 /* Main.storyboard */; };
		65DE8A641BCCFC0B005EE3D5 /* Assets.xcassets in Resources */ = {isa = PBXBuildFile; fileRef = 65DE8A631BCCFC0B005EE3D5 /* Assets.xcassets */; };
		65DE8A671BCCFC0B005EE3D5 /* LaunchScreen.storyboard in Resources */ = {isa = PBXBuildFile; fileRef = 65DE8A651BCCFC0B005EE3D5 /* LaunchScreen.storyboard */; };
		65DE8A721BCCFC0B005EE3D5 /* Spotz3_Sample_SwiftTests.swift in Sources */ = {isa = PBXBuildFile; fileRef = 65DE8A711BCCFC0B005EE3D5 /* Spotz3_Sample_SwiftTests.swift */; };
		65DE8A7D1BCCFC0B005EE3D5 /* Spotz3_Sample_SwiftUITests.swift in Sources */ = {isa = PBXBuildFile; fileRef = 65DE8A7C1BCCFC0B005EE3D5 /* Spotz3_Sample_SwiftUITests.swift */; };
		8FE55EE8B6A2533070F227D7 /* libPods.a in Frameworks */ = {isa = PBXBuildFile; fileRef = A65BA405500368AE24120616 /* libPods.a */; };
/* End PBXBuildFile section */

/* Begin PBXContainerItemProxy section */
		65DE8A6E1BCCFC0B005EE3D5 /* PBXContainerItemProxy */ = {
			isa = PBXContainerItemProxy;
			containerPortal = 65DE8A511BCCFC0A005EE3D5 /* Project object */;
			proxyType = 1;
			remoteGlobalIDString = 65DE8A581BCCFC0A005EE3D5;
			remoteInfo = "Spotz3-Sample-Swift";
		};
		65DE8A791BCCFC0B005EE3D5 /* PBXContainerItemProxy */ = {
			isa = PBXContainerItemProxy;
			containerPortal = 65DE8A511BCCFC0A005EE3D5 /* Project object */;
			proxyType = 1;
			remoteGlobalIDString = 65DE8A581BCCFC0A005EE3D5;
			remoteInfo = "Spotz3-Sample-Swift";
		};
/* End PBXContainerItemProxy section */

/* Begin PBXFileReference section */
		65DE8A591BCCFC0A005EE3D5 /* Spotz3-Sample-Swift.app */ = {isa = PBXFileReference; explicitFileType = wrapper.application; includeInIndex = 0; path = "Spotz3-Sample-Swift.app"; sourceTree = BUILT_PRODUCTS_DIR; };
		65DE8A5C1BCCFC0B005EE3D5 /* AppDelegate.swift */ = {isa = PBXFileReference; lastKnownFileType = sourcecode.swift; path = AppDelegate.swift; sourceTree = "<group>"; };
		65DE8A5E1BCCFC0B005EE3D5 /* ViewController.swift */ = {isa = PBXFileReference; lastKnownFileType = sourcecode.swift; path = ViewController.swift; sourceTree = "<group>"; };
		65DE8A611BCCFC0B005EE3D5 /* Base */ = {isa = PBXFileReference; lastKnownFileType = file.storyboard; name = Base; path = Base.lproj/Main.storyboard; sourceTree = "<group>"; };
		65DE8A631BCCFC0B005EE3D5 /* Assets.xcassets */ = {isa = PBXFileReference; lastKnownFileType = folder.assetcatalog; path = Assets.xcassets; sourceTree = "<group>"; };
		65DE8A661BCCFC0B005EE3D5 /* Base */ = {isa = PBXFileReference; lastKnownFileType = file.storyboard; name = Base; path = Base.lproj/LaunchScreen.storyboard; sourceTree = "<group>"; };
		65DE8A681BCCFC0B005EE3D5 /* Info.plist */ = {isa = PBXFileReference; lastKnownFileType = text.plist.xml; path = Info.plist; sourceTree = "<group>"; };
		65DE8A6D1BCCFC0B005EE3D5 /* Spotz3-Sample-SwiftTests.xctest */ = {isa = PBXFileReference; explicitFileType = wrapper.cfbundle; includeInIndex = 0; path = "Spotz3-Sample-SwiftTests.xctest"; sourceTree = BUILT_PRODUCTS_DIR; };
		65DE8A711BCCFC0B005EE3D5 /* Spotz3_Sample_SwiftTests.swift */ = {isa = PBXFileReference; lastKnownFileType = sourcecode.swift; path = Spotz3_Sample_SwiftTests.swift; sourceTree = "<group>"; };
		65DE8A731BCCFC0B005EE3D5 /* Info.plist */ = {isa = PBXFileReference; lastKnownFileType = text.plist.xml; path = Info.plist; sourceTree = "<group>"; };
		65DE8A781BCCFC0B005EE3D5 /* Spotz3-Sample-SwiftUITests.xctest */ = {isa = PBXFileReference; explicitFileType = wrapper.cfbundle; includeInIndex = 0; path = "Spotz3-Sample-SwiftUITests.xctest"; sourceTree = BUILT_PRODUCTS_DIR; };
		65DE8A7C1BCCFC0B005EE3D5 /* Spotz3_Sample_SwiftUITests.swift */ = {isa = PBXFileReference; lastKnownFileType = sourcecode.swift; path = Spotz3_Sample_SwiftUITests.swift; sourceTree = "<group>"; };
		65DE8A7E1BCCFC0B005EE3D5 /* Info.plist */ = {isa = PBXFileReference; lastKnownFileType = text.plist.xml; path = Info.plist; sourceTree = "<group>"; };
		65DE8A8A1BCCFCBD005EE3D5 /* BridgingHeader.h */ = {isa = PBXFileReference; lastKnownFileType = sourcecode.c.h; path = BridgingHeader.h; sourceTree = "<group>"; };
		794E40EFD4ADC88A4F867353 /* Pods.debug.xcconfig */ = {isa = PBXFileReference; includeInIndex = 1; lastKnownFileType = text.xcconfig; name = Pods.debug.xcconfig; path = "Pods/Target Support Files/Pods/Pods.debug.xcconfig"; sourceTree = "<group>"; };
		8B11912D0F281EF75B055164 /* Pods.release.xcconfig */ = {isa = PBXFileReference; includeInIndex = 1; lastKnownFileType = text.xcconfig; name = Pods.release.xcconfig; path = "Pods/Target Support Files/Pods/Pods.release.xcconfig"; sourceTree = "<group>"; };
		A65BA405500368AE24120616 /* libPods.a */ = {isa = PBXFileReference; explicitFileType = archive.ar; includeInIndex = 0; path = libPods.a; sourceTree = BUILT_PRODUCTS_DIR; };
/* End PBXFileReference section */

/* Begin PBXFrameworksBuildPhase section */
		65DE8A561BCCFC0A005EE3D5 /* Frameworks */ = {
			isa = PBXFrameworksBuildPhase;
			buildActionMask = 2147483647;
			files = (
				8FE55EE8B6A2533070F227D7 /* libPods.a in Frameworks */,
			);
			runOnlyForDeploymentPostprocessing = 0;
		};
		65DE8A6A1BCCFC0B005EE3D5 /* Frameworks */ = {
			isa = PBXFrameworksBuildPhase;
			buildActionMask = 2147483647;
			files = (
			);
			runOnlyForDeploymentPostprocessing = 0;
		};
		65DE8A751BCCFC0B005EE3D5 /* Frameworks */ = {
			isa = PBXFrameworksBuildPhase;
			buildActionMask = 2147483647;
			files = (
			);
			runOnlyForDeploymentPostprocessing = 0;
		};
/* End PBXFrameworksBuildPhase section */

/* Begin PBXGroup section */
		65DE8A501BCCFC0A005EE3D5 = {
			isa = PBXGroup;
			children = (
				65DE8A5B1BCCFC0B005EE3D5 /* Spotz3-Sample-Swift */,
				65DE8A701BCCFC0B005EE3D5 /* Spotz3-Sample-SwiftTests */,
				65DE8A7B1BCCFC0B005EE3D5 /* Spotz3-Sample-SwiftUITests */,
				65DE8A5A1BCCFC0A005EE3D5 /* Products */,
				C8A516ED5FB44C10A753F2FA /* Pods */,
				A5411CCE2E035D0E6AD3B0A3 /* Frameworks */,
			);
			sourceTree = "<group>";
		};
		65DE8A5A1BCCFC0A005EE3D5 /* Products */ = {
			isa = PBXGroup;
			children = (
				65DE8A591BCCFC0A005EE3D5 /* Spotz3-Sample-Swift.app */,
				65DE8A6D1BCCFC0B005EE3D5 /* Spotz3-Sample-SwiftTests.xctest */,
				65DE8A781BCCFC0B005EE3D5 /* Spotz3-Sample-SwiftUITests.xctest */,
			);
			name = Products;
			sourceTree = "<group>";
		};
		65DE8A5B1BCCFC0B005EE3D5 /* Spotz3-Sample-Swift */ = {
			isa = PBXGroup;
			children = (
				65DE8A5C1BCCFC0B005EE3D5 /* AppDelegate.swift */,
				65DE8A5E1BCCFC0B005EE3D5 /* ViewController.swift */,
				65DE8A601BCCFC0B005EE3D5 /* Main.storyboard */,
				65DE8A631BCCFC0B005EE3D5 /* Assets.xcassets */,
				65DE8A651BCCFC0B005EE3D5 /* LaunchScreen.storyboard */,
				65DE8A681BCCFC0B005EE3D5 /* Info.plist */,
				65DE8A8A1BCCFCBD005EE3D5 /* BridgingHeader.h */,
			);
			path = "Spotz3-Sample-Swift";
			sourceTree = "<group>";
		};
		65DE8A701BCCFC0B005EE3D5 /* Spotz3-Sample-SwiftTests */ = {
			isa = PBXGroup;
			children = (
				65DE8A711BCCFC0B005EE3D5 /* Spotz3_Sample_SwiftTests.swift */,
				65DE8A731BCCFC0B005EE3D5 /* Info.plist */,
			);
			path = "Spotz3-Sample-SwiftTests";
			sourceTree = "<group>";
		};
		65DE8A7B1BCCFC0B005EE3D5 /* Spotz3-Sample-SwiftUITests */ = {
			isa = PBXGroup;
			children = (
				65DE8A7C1BCCFC0B005EE3D5 /* Spotz3_Sample_SwiftUITests.swift */,
				65DE8A7E1BCCFC0B005EE3D5 /* Info.plist */,
			);
			path = "Spotz3-Sample-SwiftUITests";
			sourceTree = "<group>";
		};
		A5411CCE2E035D0E6AD3B0A3 /* Frameworks */ = {
			isa = PBXGroup;
			children = (
				A65BA405500368AE24120616 /* libPods.a */,
			);
			name = Frameworks;
			sourceTree = "<group>";
		};
		C8A516ED5FB44C10A753F2FA /* Pods */ = {
			isa = PBXGroup;
			children = (
				794E40EFD4ADC88A4F867353 /* Pods.debug.xcconfig */,
				8B11912D0F281EF75B055164 /* Pods.release.xcconfig */,
			);
			name = Pods;
			sourceTree = "<group>";
		};
/* End PBXGroup section */

/* Begin PBXNativeTarget section */
		65DE8A581BCCFC0A005EE3D5 /* Spotz3-Sample-Swift */ = {
			isa = PBXNativeTarget;
			buildConfigurationList = 65DE8A811BCCFC0B005EE3D5 /* Build configuration list for PBXNativeTarget "Spotz3-Sample-Swift" */;
			buildPhases = (
				7E324DB2B19AFB6F4CAB0BDC /* Check Pods Manifest.lock */,
				65DE8A551BCCFC0A005EE3D5 /* Sources */,
				65DE8A561BCCFC0A005EE3D5 /* Frameworks */,
				65DE8A571BCCFC0A005EE3D5 /* Resources */,
				31D6C1EA56DD9076262DBE05 /* Copy Pods Resources */,
			);
			buildRules = (
			);
			dependencies = (
			);
			name = "Spotz3-Sample-Swift";
			productName = "Spotz3-Sample-Swift";
			productReference = 65DE8A591BCCFC0A005EE3D5 /* Spotz3-Sample-Swift.app */;
			productType = "com.apple.product-type.application";
		};
		65DE8A6C1BCCFC0B005EE3D5 /* Spotz3-Sample-SwiftTests */ = {
			isa = PBXNativeTarget;
			buildConfigurationList = 65DE8A841BCCFC0B005EE3D5 /* Build configuration list for PBXNativeTarget "Spotz3-Sample-SwiftTests" */;
			buildPhases = (
				65DE8A691BCCFC0B005EE3D5 /* Sources */,
				65DE8A6A1BCCFC0B005EE3D5 /* Frameworks */,
				65DE8A6B1BCCFC0B005EE3D5 /* Resources */,
			);
			buildRules = (
			);
			dependencies = (
				65DE8A6F1BCCFC0B005EE3D5 /* PBXTargetDependency */,
			);
			name = "Spotz3-Sample-SwiftTests";
			productName = "Spotz3-Sample-SwiftTests";
			productReference = 65DE8A6D1BCCFC0B005EE3D5 /* Spotz3-Sample-SwiftTests.xctest */;
			productType = "com.apple.product-type.bundle.unit-test";
		};
		65DE8A771BCCFC0B005EE3D5 /* Spotz3-Sample-SwiftUITests */ = {
			isa = PBXNativeTarget;
			buildConfigurationList = 65DE8A871BCCFC0B005EE3D5 /* Build configuration list for PBXNativeTarget "Spotz3-Sample-SwiftUITests" */;
			buildPhases = (
				65DE8A741BCCFC0B005EE3D5 /* Sources */,
				65DE8A751BCCFC0B005EE3D5 /* Frameworks */,
				65DE8A761BCCFC0B005EE3D5 /* Resources */,
			);
			buildRules = (
			);
			dependencies = (
				65DE8A7A1BCCFC0B005EE3D5 /* PBXTargetDependency */,
			);
			name = "Spotz3-Sample-SwiftUITests";
			productName = "Spotz3-Sample-SwiftUITests";
			productReference = 65DE8A781BCCFC0B005EE3D5 /* Spotz3-Sample-SwiftUITests.xctest */;
			productType = "com.apple.product-type.bundle.ui-testing";
		};
/* End PBXNativeTarget section */

/* Begin PBXProject section */
		65DE8A511BCCFC0A005EE3D5 /* Project object */ = {
			isa = PBXProject;
			attributes = {
				LastUpgradeCheck = 0700;
				ORGANIZATIONNAME = "Localz Pty Ltd";
				TargetAttributes = {
					65DE8A581BCCFC0A005EE3D5 = {
						CreatedOnToolsVersion = 7.0.1;
					};
					65DE8A6C1BCCFC0B005EE3D5 = {
						CreatedOnToolsVersion = 7.0.1;
						TestTargetID = 65DE8A581BCCFC0A005EE3D5;
					};
					65DE8A771BCCFC0B005EE3D5 = {
						CreatedOnToolsVersion = 7.0.1;
						TestTargetID = 65DE8A581BCCFC0A005EE3D5;
					};
				};
			};
			buildConfigurationList = 65DE8A541BCCFC0A005EE3D5 /* Build configuration list for PBXProject "Spotz3-Sample-Swift" */;
			compatibilityVersion = "Xcode 3.2";
			developmentRegion = English;
			hasScannedForEncodings = 0;
			knownRegions = (
				en,
				Base,
			);
			mainGroup = 65DE8A501BCCFC0A005EE3D5;
			productRefGroup = 65DE8A5A1BCCFC0A005EE3D5 /* Products */;
			projectDirPath = "";
			projectRoot = "";
			targets = (
				65DE8A581BCCFC0A005EE3D5 /* Spotz3-Sample-Swift */,
				65DE8A6C1BCCFC0B005EE3D5 /* Spotz3-Sample-SwiftTests */,
				65DE8A771BCCFC0B005EE3D5 /* Spotz3-Sample-SwiftUITests */,
			);
		};
/* End PBXProject section */

/* Begin PBXResourcesBuildPhase section */
		65DE8A571BCCFC0A005EE3D5 /* Resources */ = {
			isa = PBXResourcesBuildPhase;
			buildActionMask = 2147483647;
			files = (
				65DE8A671BCCFC0B005EE3D5 /* LaunchScreen.storyboard in Resources */,
				65DE8A641BCCFC0B005EE3D5 /* Assets.xcassets in Resources */,
				65DE8A621BCCFC0B005EE3D5 /* Main.storyboard in Resources */,
			);
			runOnlyForDeploymentPostprocessing = 0;
		};
		65DE8A6B1BCCFC0B005EE3D5 /* Resources */ = {
			isa = PBXResourcesBuildPhase;
			buildActionMask = 2147483647;
			files = (
			);
			runOnlyForDeploymentPostprocessing = 0;
		};
		65DE8A761BCCFC0B005EE3D5 /* Resources */ = {
			isa = PBXResourcesBuildPhase;
			buildActionMask = 2147483647;
			files = (
			);
			runOnlyForDeploymentPostprocessing = 0;
		};
/* End PBXResourcesBuildPhase section */

/* Begin PBXShellScriptBuildPhase section */
		31D6C1EA56DD9076262DBE05 /* Copy Pods Resources */ = {
			isa = PBXShellScriptBuildPhase;
			buildActionMask = 2147483647;
			files = (
			);
			inputPaths = (
			);
			name = "Copy Pods Resources";
			outputPaths = (
			);
			runOnlyForDeploymentPostprocessing = 0;
			shellPath = /bin/sh;
			shellScript = "\"${SRCROOT}/Pods/Target Support Files/Pods/Pods-resources.sh\"\n";
			showEnvVarsInLog = 0;
		};
		7E324DB2B19AFB6F4CAB0BDC /* Check Pods Manifest.lock */ = {
			isa = PBXShellScriptBuildPhase;
			buildActionMask = 2147483647;
			files = (
			);
			inputPaths = (
			);
			name = "Check Pods Manifest.lock";
			outputPaths = (
			);
			runOnlyForDeploymentPostprocessing = 0;
			shellPath = /bin/sh;
			shellScript = "diff \"${PODS_ROOT}/../Podfile.lock\" \"${PODS_ROOT}/Manifest.lock\" > /dev/null\nif [[ $? != 0 ]] ; then\n    cat << EOM\nerror: The sandbox is not in sync with the Podfile.lock. Run 'pod install' or update your CocoaPods installation.\nEOM\n    exit 1\nfi\n";
			showEnvVarsInLog = 0;
		};
/* End PBXShellScriptBuildPhase section */

/* Begin PBXSourcesBuildPhase section */
		65DE8A551BCCFC0A005EE3D5 /* Sources */ = {
			isa = PBXSourcesBuildPhase;
			buildActionMask = 2147483647;
			files = (
				65DE8A5F1BCCFC0B005EE3D5 /* ViewController.swift in Sources */,
				65DE8A5D1BCCFC0B005EE3D5 /* AppDelegate.swift in Sources */,
			);
			runOnlyForDeploymentPostprocessing = 0;
		};
		65DE8A691BCCFC0B005EE3D5 /* Sources */ = {
			isa = PBXSourcesBuildPhase;
			buildActionMask = 2147483647;
			files = (
				65DE8A721BCCFC0B005EE3D5 /* Spotz3_Sample_SwiftTests.swift in Sources */,
			);
			runOnlyForDeploymentPostprocessing = 0;
		};
		65DE8A741BCCFC0B005EE3D5 /* Sources */ = {
			isa = PBXSourcesBuildPhase;
			buildActionMask = 2147483647;
			files = (
				65DE8A7D1BCCFC0B005EE3D5 /* Spotz3_Sample_SwiftUITests.swift in Sources */,
			);
			runOnlyForDeploymentPostprocessing = 0;
		};
/* End PBXSourcesBuildPhase section */

/* Begin PBXTargetDependency section */
		65DE8A6F1BCCFC0B005EE3D5 /* PBXTargetDependency */ = {
			isa = PBXTargetDependency;
			target = 65DE8A581BCCFC0A005EE3D5 /* Spotz3-Sample-Swift */;
			targetProxy = 65DE8A6E1BCCFC0B005EE3D5 /* PBXContainerItemProxy */;
		};
		65DE8A7A1BCCFC0B005EE3D5 /* PBXTargetDependency */ = {
			isa = PBXTargetDependency;
			target = 65DE8A581BCCFC0A005EE3D5 /* Spotz3-Sample-Swift */;
			targetProxy = 65DE8A791BCCFC0B005EE3D5 /* PBXContainerItemProxy */;
		};
/* End PBXTargetDependency section */

/* Begin PBXVariantGroup section */
		65DE8A601BCCFC0B005EE3D5 /* Main.storyboard */ = {
			isa = PBXVariantGroup;
			children = (
				65DE8A611BCCFC0B005EE3D5 /* Base */,
			);
			name = Main.storyboard;
			sourceTree = "<group>";
		};
		65DE8A651BCCFC0B005EE3D5 /* LaunchScreen.storyboard */ = {
			isa = PBXVariantGroup;
			children = (
				65DE8A661BCCFC0B005EE3D5 /* Base */,
			);
			name = LaunchScreen.storyboard;
			sourceTree = "<group>";
		};
/* End PBXVariantGroup section */

/* Begin XCBuildConfiguration section */
		65DE8A7F1BCCFC0B005EE3D5 /* Debug */ = {
			isa = XCBuildConfiguration;
			buildSettings = {
				ALWAYS_SEARCH_USER_PATHS = NO;
				CLANG_CXX_LANGUAGE_STANDARD = "gnu++0x";
				CLANG_CXX_LIBRARY = "libc++";
				CLANG_ENABLE_MODULES = YES;
				CLANG_ENABLE_OBJC_ARC = YES;
				CLANG_WARN_BOOL_CONVERSION = YES;
				CLANG_WARN_CONSTANT_CONVERSION = YES;
				CLANG_WARN_DIRECT_OBJC_ISA_USAGE = YES_ERROR;
				CLANG_WARN_EMPTY_BODY = YES;
				CLANG_WARN_ENUM_CONVERSION = YES;
				CLANG_WARN_INT_CONVERSION = YES;
				CLANG_WARN_OBJC_ROOT_CLASS = YES_ERROR;
				CLANG_WARN_UNREACHABLE_CODE = YES;
				CLANG_WARN__DUPLICATE_METHOD_MATCH = YES;
				"CODE_SIGN_IDENTITY[sdk=iphoneos*]" = "iPhone Developer";
				COPY_PHASE_STRIP = NO;
				DEBUG_INFORMATION_FORMAT = dwarf;
				ENABLE_STRICT_OBJC_MSGSEND = YES;
				ENABLE_TESTABILITY = YES;
				GCC_C_LANGUAGE_STANDARD = gnu99;
				GCC_DYNAMIC_NO_PIC = NO;
				GCC_NO_COMMON_BLOCKS = YES;
				GCC_OPTIMIZATION_LEVEL = 0;
				GCC_PREPROCESSOR_DEFINITIONS = (
					"DEBUG=1",
					"$(inherited)",
				);
				GCC_WARN_64_TO_32_BIT_CONVERSION = YES;
				GCC_WARN_ABOUT_RETURN_TYPE = YES_ERROR;
				GCC_WARN_UNDECLARED_SELECTOR = YES;
				GCC_WARN_UNINITIALIZED_AUTOS = YES_AGGRESSIVE;
				GCC_WARN_UNUSED_FUNCTION = YES;
				GCC_WARN_UNUSED_VARIABLE = YES;
				IPHONEOS_DEPLOYMENT_TARGET = 9.0;
				MTL_ENABLE_DEBUG_INFO = YES;
				ONLY_ACTIVE_ARCH = YES;
				SDKROOT = iphoneos;
				SWIFT_OPTIMIZATION_LEVEL = "-Onone";
				TARGETED_DEVICE_FAMILY = "1,2";
			};
			name = Debug;
		};
		65DE8A801BCCFC0B005EE3D5 /* Release */ = {
			isa = XCBuildConfiguration;
			buildSettings = {
				ALWAYS_SEARCH_USER_PATHS = NO;
				CLANG_CXX_LANGUAGE_STANDARD = "gnu++0x";
				CLANG_CXX_LIBRARY = "libc++";
				CLANG_ENABLE_MODULES = YES;
				CLANG_ENABLE_OBJC_ARC = YES;
				CLANG_WARN_BOOL_CONVERSION = YES;
				CLANG_WARN_CONSTANT_CONVERSION = YES;
				CLANG_WARN_DIRECT_OBJC_ISA_USAGE = YES_ERROR;
				CLANG_WARN_EMPTY_BODY = YES;
				CLANG_WARN_ENUM_CONVERSION = YES;
				CLANG_WARN_INT_CONVERSION = YES;
				CLANG_WARN_OBJC_ROOT_CLASS = YES_ERROR;
				CLANG_WARN_UNREACHABLE_CODE = YES;
				CLANG_WARN__DUPLICATE_METHOD_MATCH = YES;
				"CODE_SIGN_IDENTITY[sdk=iphoneos*]" = "iPhone Developer";
				COPY_PHASE_STRIP = NO;
				DEBUG_INFORMATION_FORMAT = "dwarf-with-dsym";
				ENABLE_NS_ASSERTIONS = NO;
				ENABLE_STRICT_OBJC_MSGSEND = YES;
				GCC_C_LANGUAGE_STANDARD = gnu99;
				GCC_NO_COMMON_BLOCKS = YES;
				GCC_WARN_64_TO_32_BIT_CONVERSION = YES;
				GCC_WARN_ABOUT_RETURN_TYPE = YES_ERROR;
				GCC_WARN_UNDECLARED_SELECTOR = YES;
				GCC_WARN_UNINITIALIZED_AUTOS = YES_AGGRESSIVE;
				GCC_WARN_UNUSED_FUNCTION = YES;
				GCC_WARN_UNUSED_VARIABLE = YES;
				IPHONEOS_DEPLOYMENT_TARGET = 9.0;
				MTL_ENABLE_DEBUG_INFO = NO;
				SDKROOT = iphoneos;
				TARGETED_DEVICE_FAMILY = "1,2";
				VALIDATE_PRODUCT = YES;
			};
			name = Release;
		};
		65DE8A821BCCFC0B005EE3D5 /* Debug */ = {
			isa = XCBuildConfiguration;
			baseConfigurationReference = 794E40EFD4ADC88A4F867353 /* Pods.debug.xcconfig */;
			buildSettings = {
				ASSETCATALOG_COMPILER_APPICON_NAME = AppIcon;
				INFOPLIST_FILE = "Spotz3-Sample-Swift/Info.plist";
				LD_RUNPATH_SEARCH_PATHS = "$(inherited) @executable_path/Frameworks";
				PRODUCT_BUNDLE_IDENTIFIER = "co.localz.Spotz3-Sample-Swift";
				PRODUCT_NAME = "$(TARGET_NAME)";
				SWIFT_OBJC_BRIDGING_HEADER = "Spotz3-Sample-Swift/BridgingHeader.h";
			};
			name = Debug;
		};
		65DE8A831BCCFC0B005EE3D5 /* Release */ = {
			isa = XCBuildConfiguration;
			baseConfigurationReference = 8B11912D0F281EF75B055164 /* Pods.release.xcconfig */;
			buildSettings = {
				ASSETCATALOG_COMPILER_APPICON_NAME = AppIcon;
				INFOPLIST_FILE = "Spotz3-Sample-Swift/Info.plist";
				LD_RUNPATH_SEARCH_PATHS = "$(inherited) @executable_path/Frameworks";
				PRODUCT_BUNDLE_IDENTIFIER = "co.localz.Spotz3-Sample-Swift";
				PRODUCT_NAME = "$(TARGET_NAME)";
				SWIFT_OBJC_BRIDGING_HEADER = "Spotz3-Sample-Swift/BridgingHeader.h";
			};
			name = Release;
		};
		65DE8A851BCCFC0B005EE3D5 /* Debug */ = {
			isa = XCBuildConfiguration;
			buildSettings = {
				BUNDLE_LOADER = "$(TEST_HOST)";
				INFOPLIST_FILE = "Spotz3-Sample-SwiftTests/Info.plist";
				LD_RUNPATH_SEARCH_PATHS = "$(inherited) @executable_path/Frameworks @loader_path/Frameworks";
				PRODUCT_BUNDLE_IDENTIFIER = "co.localz.Spotz3-Sample-SwiftTests";
				PRODUCT_NAME = "$(TARGET_NAME)";
				TEST_HOST = "$(BUILT_PRODUCTS_DIR)/Spotz3-Sample-Swift.app/Spotz3-Sample-Swift";
			};
			name = Debug;
		};
		65DE8A861BCCFC0B005EE3D5 /* Release */ = {
			isa = XCBuildConfiguration;
			buildSettings = {
				BUNDLE_LOADER = "$(TEST_HOST)";
				INFOPLIST_FILE = "Spotz3-Sample-SwiftTests/Info.plist";
				LD_RUNPATH_SEARCH_PATHS = "$(inherited) @executable_path/Frameworks @loader_path/Frameworks";
				PRODUCT_BUNDLE_IDENTIFIER = "co.localz.Spotz3-Sample-SwiftTests";
				PRODUCT_NAME = "$(TARGET_NAME)";
				TEST_HOST = "$(BUILT_PRODUCTS_DIR)/Spotz3-Sample-Swift.app/Spotz3-Sample-Swift";
			};
			name = Release;
		};
		65DE8A881BCCFC0B005EE3D5 /* Debug */ = {
			isa = XCBuildConfiguration;
			buildSettings = {
				INFOPLIST_FILE = "Spotz3-Sample-SwiftUITests/Info.plist";
				LD_RUNPATH_SEARCH_PATHS = "$(inherited) @executable_path/Frameworks @loader_path/Frameworks";
				PRODUCT_BUNDLE_IDENTIFIER = "co.localz.Spotz3-Sample-SwiftUITests";
				PRODUCT_NAME = "$(TARGET_NAME)";
				TEST_TARGET_NAME = "Spotz3-Sample-Swift";
				USES_XCTRUNNER = YES;
			};
			name = Debug;
		};
		65DE8A891BCCFC0B005EE3D5 /* Release */ = {
			isa = XCBuildConfiguration;
			buildSettings = {
				INFOPLIST_FILE = "Spotz3-Sample-SwiftUITests/Info.plist";
				LD_RUNPATH_SEARCH_PATHS = "$(inherited) @executable_path/Frameworks @loader_path/Frameworks";
				PRODUCT_BUNDLE_IDENTIFIER = "co.localz.Spotz3-Sample-SwiftUITests";
				PRODUCT_NAME = "$(TARGET_NAME)";
				TEST_TARGET_NAME = "Spotz3-Sample-Swift";
				USES_XCTRUNNER = YES;
			};
			name = Release;
		};
/* End XCBuildConfiguration section */

/* Begin XCConfigurationList section */
		65DE8A541BCCFC0A005EE3D5 /* Build configuration list for PBXProject "Spotz3-Sample-Swift" */ = {
			isa = XCConfigurationList;
			buildConfigurations = (
				65DE8A7F1BCCFC0B005EE3D5 /* Debug */,
				65DE8A801BCCFC0B005EE3D5 /* Release */,
			);
			defaultConfigurationIsVisible = 0;
			defaultConfigurationName = Release;
		};
		65DE8A811BCCFC0B005EE3D5 /* Build configuration list for PBXNativeTarget "Spotz3-Sample-Swift" */ = {
			isa = XCConfigurationList;
			buildConfigurations = (
				65DE8A821BCCFC0B005EE3D5 /* Debug */,
				65DE8A831BCCFC0B005EE3D5 /* Release */,
			);
			defaultConfigurationIsVisible = 0;
			defaultConfigurationName = Release;
		};
		65DE8A841BCCFC0B005EE3D5 /* Build configuration list for PBXNativeTarget "Spotz3-Sample-SwiftTests" */ = {
			isa = XCConfigurationList;
			buildConfigurations = (
				65DE8A851BCCFC0B005EE3D5 /* Debug */,
				65DE8A861BCCFC0B005EE3D5 /* Release */,
			);
			defaultConfigurationIsVisible = 0;
			defaultConfigurationName = Release;
		};
		65DE8A871BCCFC0B005EE3D5 /* Build configuration list for PBXNativeTarget "Spotz3-Sample-SwiftUITests" */ = {
			isa = XCConfigurationList;
			buildConfigurations = (
				65DE8A881BCCFC0B005EE3D5 /* Debug */,
				65DE8A891BCCFC0B005EE3D5 /* Release */,
			);
			defaultConfigurationIsVisible = 0;
			defaultConfigurationName = Release;
		};
/* End XCConfigurationList section */
	};
	rootObject = 65DE8A511BCCFC0A005EE3D5 /* Project object */;
}
